// !$*UTF8*$!
{
	archiveVersion = 1;
	classes = {
	};
	objectVersion = 46;
	objects = {

/* Begin PBXBuildFile section */
		791FFDEE1CDBB35F000097AB /* main.m in Sources */ = {isa = PBXBuildFile; fileRef = 791FFDED1CDBB35F000097AB /* main.m */; };
		791FFDF11CDBB35F000097AB /* AppDelegate.m in Sources */ = {isa = PBXBuildFile; fileRef = 791FFDF01CDBB35F000097AB /* AppDelegate.m */; };
		791FFDF41CDBB35F000097AB /* FirstViewController.m in Sources */ = {isa = PBXBuildFile; fileRef = 791FFDF31CDBB35F000097AB /* FirstViewController.m */; };
		791FFDF71CDBB35F000097AB /* SecondViewController.m in Sources */ = {isa = PBXBuildFile; fileRef = 791FFDF61CDBB35F000097AB /* SecondViewController.m */; };
		791FFDFC1CDBB35F000097AB /* Assets.xcassets in Resources */ = {isa = PBXBuildFile; fileRef = 791FFDFB1CDBB35F000097AB /* Assets.xcassets */; };
		791FFDFF1CDBB35F000097AB /* LaunchScreen.storyboard in Resources */ = {isa = PBXBuildFile; fileRef = 791FFDFD1CDBB35F000097AB /* LaunchScreen.storyboard */; };
		791FFE131CDC1E9C000097AB /* NGTabBar.m in Sources */ = {isa = PBXBuildFile; fileRef = 791FFE0B1CDC1E9C000097AB /* NGTabBar.m */; };
		791FFE141CDC1E9C000097AB /* NGTabBarController.m in Sources */ = {isa = PBXBuildFile; fileRef = 791FFE0D1CDC1E9C000097AB /* NGTabBarController.m */; };
		791FFE151CDC1E9C000097AB /* NGTabBarItem.m in Sources */ = {isa = PBXBuildFile; fileRef = 791FFE111CDC1E9C000097AB /* NGTabBarItem.m */; };
		791FFE1A1CDC1EB3000097AB /* UINavigationController+NGTabBarNavigationDelegate.m in Sources */ = {isa = PBXBuildFile; fileRef = 791FFE171CDC1EB3000097AB /* UINavigationController+NGTabBarNavigationDelegate.m */; };
		791FFE1B1CDC1EB3000097AB /* UIViewController+NGTabBarItem.m in Sources */ = {isa = PBXBuildFile; fileRef = 791FFE191CDC1EB3000097AB /* UIViewController+NGTabBarItem.m */; };
		791FFE1F1CDC1F8D000097AB /* NGColoredViewController.m in Sources */ = {isa = PBXBuildFile; fileRef = 791FFE1E1CDC1F8D000097AB /* NGColoredViewController.m */; };
		791FFE241CDC1F98000097AB /* NGTestTabBarController.m in Sources */ = {isa = PBXBuildFile; fileRef = 791FFE211CDC1F98000097AB /* NGTestTabBarController.m */; };
		791FFE251CDC1F98000097AB /* NGVerticalTabBarControllerDemo-Info.plist in Resources */ = {isa = PBXBuildFile; fileRef = 791FFE221CDC1F98000097AB /* NGVerticalTabBarControllerDemo-Info.plist */; };
/* End PBXBuildFile section */

/* Begin PBXFileReference section */
		791FFDE91CDBB35F000097AB /* TabExercises.app */ = {isa = PBXFileReference; explicitFileType = wrapper.application; includeInIndex = 0; path = TabExercises.app; sourceTree = BUILT_PRODUCTS_DIR; };
		791FFDED1CDBB35F000097AB /* main.m */ = {isa = PBXFileReference; lastKnownFileType = sourcecode.c.objc; path = main.m; sourceTree = "<group>"; };
		791FFDEF1CDBB35F000097AB /* AppDelegate.h */ = {isa = PBXFileReference; lastKnownFileType = sourcecode.c.h; path = AppDelegate.h; sourceTree = "<group>"; };
		791FFDF01CDBB35F000097AB /* AppDelegate.m */ = {isa = PBXFileReference; lastKnownFileType = sourcecode.c.objc; path = AppDelegate.m; sourceTree = "<group>"; };
		791FFDF21CDBB35F000097AB /* FirstViewController.h */ = {isa = PBXFileReference; lastKnownFileType = sourcecode.c.h; path = FirstViewController.h; sourceTree = "<group>"; };
		791FFDF31CDBB35F000097AB /* FirstViewController.m */ = {isa = PBXFileReference; lastKnownFileType = sourcecode.c.objc; path = FirstViewController.m; sourceTree = "<group>"; };
		791FFDF51CDBB35F000097AB /* SecondViewController.h */ = {isa = PBXFileReference; lastKnownFileType = sourcecode.c.h; path = SecondViewController.h; sourceTree = "<group>"; };
		791FFDF61CDBB35F000097AB /* SecondViewController.m */ = {isa = PBXFileReference; lastKnownFileType = sourcecode.c.objc; path = SecondViewController.m; sourceTree = "<group>"; };
		791FFDFB1CDBB35F000097AB /* Assets.xcassets */ = {isa = PBXFileReference; lastKnownFileType = folder.assetcatalog; path = Assets.xcassets; sourceTree = "<group>"; };
		791FFDFE1CDBB35F000097AB /* Base */ = {isa = PBXFileReference; lastKnownFileType = file.storyboard; name = Base; path = Base.lproj/LaunchScreen.storyboard; sourceTree = "<group>"; };
		791FFE001CDBB35F000097AB /* Info.plist */ = {isa = PBXFileReference; lastKnownFileType = text.plist.xml; path = Info.plist; sourceTree = "<group>"; };
		791FFE0A1CDC1E9C000097AB /* NGTabBar.h */ = {isa = PBXFileReference; fileEncoding = 4; lastKnownFileType = sourcecode.c.h; path = NGTabBar.h; sourceTree = "<group>"; };
		791FFE0B1CDC1E9C000097AB /* NGTabBar.m */ = {isa = PBXFileReference; fileEncoding = 4; lastKnownFileType = sourcecode.c.objc; path = NGTabBar.m; sourceTree = "<group>"; };
		791FFE0C1CDC1E9C000097AB /* NGTabBarController.h */ = {isa = PBXFileReference; fileEncoding = 4; lastKnownFileType = sourcecode.c.h; path = NGTabBarController.h; sourceTree = "<group>"; };
		791FFE0D1CDC1E9C000097AB /* NGTabBarController.m */ = {isa = PBXFileReference; fileEncoding = 4; lastKnownFileType = sourcecode.c.objc; path = NGTabBarController.m; sourceTree = "<group>"; };
		791FFE0E1CDC1E9C000097AB /* NGTabBarControllerAnimation.h */ = {isa = PBXFileReference; fileEncoding = 4; lastKnownFileType = sourcecode.c.h; path = NGTabBarControllerAnimation.h; sourceTree = "<group>"; };
		791FFE0F1CDC1E9C000097AB /* NGTabBarControllerDelegate.h */ = {isa = PBXFileReference; fileEncoding = 4; lastKnownFileType = sourcecode.c.h; path = NGTabBarControllerDelegate.h; sourceTree = "<group>"; };
		791FFE101CDC1E9C000097AB /* NGTabBarItem.h */ = {isa = PBXFileReference; fileEncoding = 4; lastKnownFileType = sourcecode.c.h; path = NGTabBarItem.h; sourceTree = "<group>"; };
		791FFE111CDC1E9C000097AB /* NGTabBarItem.m */ = {isa = PBXFileReference; fileEncoding = 4; lastKnownFileType = sourcecode.c.objc; path = NGTabBarItem.m; sourceTree = "<group>"; };
		791FFE121CDC1E9C000097AB /* NGTabBarPosition.h */ = {isa = PBXFileReference; fileEncoding = 4; lastKnownFileType = sourcecode.c.h; path = NGTabBarPosition.h; sourceTree = "<group>"; };
		791FFE161CDC1EB3000097AB /* UINavigationController+NGTabBarNavigationDelegate.h */ = {isa = PBXFileReference; fileEncoding = 4; lastKnownFileType = sourcecode.c.h; path = "UINavigationController+NGTabBarNavigationDelegate.h"; sourceTree = "<group>"; };
		791FFE171CDC1EB3000097AB /* UINavigationController+NGTabBarNavigationDelegate.m */ = {isa = PBXFileReference; fileEncoding = 4; lastKnownFileType = sourcecode.c.objc; path = "UINavigationController+NGTabBarNavigationDelegate.m"; sourceTree = "<group>"; };
		791FFE181CDC1EB3000097AB /* UIViewController+NGTabBarItem.h */ = {isa = PBXFileReference; fileEncoding = 4; lastKnownFileType = sourcecode.c.h; path = "UIViewController+NGTabBarItem.h"; sourceTree = "<group>"; };
		791FFE191CDC1EB3000097AB /* UIViewController+NGTabBarItem.m */ = {isa = PBXFileReference; fileEncoding = 4; lastKnownFileType = sourcecode.c.objc; path = "UIViewController+NGTabBarItem.m"; sourceTree = "<group>"; };
		791FFE1C1CDC1ECD000097AB /* Prefix.pch */ = {isa = PBXFileReference; fileEncoding = 4; lastKnownFileType = sourcecode.c.h; path = Prefix.pch; sourceTree = "<group>"; };
		791FFE1D1CDC1F8D000097AB /* NGColoredViewController.h */ = {isa = PBXFileReference; fileEncoding = 4; lastKnownFileType = sourcecode.c.h; path = NGColoredViewController.h; sourceTree = "<group>"; };
		791FFE1E1CDC1F8D000097AB /* NGColoredViewController.m */ = {isa = PBXFileReference; fileEncoding = 4; lastKnownFileType = sourcecode.c.objc; path = NGColoredViewController.m; sourceTree = "<group>"; };
		791FFE201CDC1F98000097AB /* NGTestTabBarController.h */ = {isa = PBXFileReference; fileEncoding = 4; lastKnownFileType = sourcecode.c.h; path = NGTestTabBarController.h; sourceTree = "<group>"; };
		791FFE211CDC1F98000097AB /* NGTestTabBarController.m */ = {isa = PBXFileReference; fileEncoding = 4; lastKnownFileType = sourcecode.c.objc; path = NGTestTabBarController.m; sourceTree = "<group>"; };
		791FFE221CDC1F98000097AB /* NGVerticalTabBarControllerDemo-Info.plist */ = {isa = PBXFileReference; fileEncoding = 4; lastKnownFileType = text.plist.xml; path = "NGVerticalTabBarControllerDemo-Info.plist"; sourceTree = "<group>"; };
		791FFE231CDC1F98000097AB /* NGVerticalTabBarControllerDemo-Prefix.pch */ = {isa = PBXFileReference; fileEncoding = 4; lastKnownFileType = sourcecode.c.h; path = "NGVerticalTabBarControllerDemo-Prefix.pch"; sourceTree = "<group>"; };
/* End PBXFileReference section */

/* Begin PBXFrameworksBuildPhase section */
		791FFDE61CDBB35F000097AB /* Frameworks */ = {
			isa = PBXFrameworksBuildPhase;
			buildActionMask = 2147483647;
			files = (
			);
			runOnlyForDeploymentPostprocessing = 0;
		};
/* End PBXFrameworksBuildPhase section */

/* Begin PBXGroup section */
		791FFDE01CDBB35F000097AB = {
			isa = PBXGroup;
			children = (
				791FFDEB1CDBB35F000097AB /* TabExercises */,
				791FFDEA1CDBB35F000097AB /* Products */,
			);
			sourceTree = "<group>";
		};
		791FFDEA1CDBB35F000097AB /* Products */ = {
			isa = PBXGroup;
			children = (
				791FFDE91CDBB35F000097AB /* TabExercises.app */,
			);
			name = Products;
			sourceTree = "<group>";
		};
		791FFDEB1CDBB35F000097AB /* TabExercises */ = {
			isa = PBXGroup;
			children = (
				791FFE201CDC1F98000097AB /* NGTestTabBarController.h */,
				791FFE211CDC1F98000097AB /* NGTestTabBarController.m */,
				791FFE221CDC1F98000097AB /* NGVerticalTabBarControllerDemo-Info.plist */,
				791FFE231CDC1F98000097AB /* NGVerticalTabBarControllerDemo-Prefix.pch */,
				791FFE1D1CDC1F8D000097AB /* NGColoredViewController.h */,
				791FFE1E1CDC1F8D000097AB /* NGColoredViewController.m */,
				791FFE1C1CDC1ECD000097AB /* Prefix.pch */,
				791FFE161CDC1EB3000097AB /* UINavigationController+NGTabBarNavigationDelegate.h */,
				791FFE171CDC1EB3000097AB /* UINavigationController+NGTabBarNavigationDelegate.m */,
				791FFE181CDC1EB3000097AB /* UIViewController+NGTabBarItem.h */,
				791FFE191CDC1EB3000097AB /* UIViewController+NGTabBarItem.m */,
				791FFE0A1CDC1E9C000097AB /* NGTabBar.h */,
				791FFE0B1CDC1E9C000097AB /* NGTabBar.m */,
				791FFE0C1CDC1E9C000097AB /* NGTabBarController.h */,
				791FFE0D1CDC1E9C000097AB /* NGTabBarController.m */,
				791FFE0E1CDC1E9C000097AB /* NGTabBarControllerAnimation.h */,
				791FFE0F1CDC1E9C000097AB /* NGTabBarControllerDelegate.h */,
				791FFE101CDC1E9C000097AB /* NGTabBarItem.h */,
				791FFE111CDC1E9C000097AB /* NGTabBarItem.m */,
				791FFE121CDC1E9C000097AB /* NGTabBarPosition.h */,
				791FFDEF1CDBB35F000097AB /* AppDelegate.h */,
				791FFDF01CDBB35F000097AB /* AppDelegate.m */,
				791FFDF21CDBB35F000097AB /* FirstViewController.h */,
				791FFDF31CDBB35F000097AB /* FirstViewController.m */,
				791FFDF51CDBB35F000097AB /* SecondViewController.h */,
				791FFDF61CDBB35F000097AB /* SecondViewController.m */,
				791FFDFB1CDBB35F000097AB /* Assets.xcassets */,
				791FFDFD1CDBB35F000097AB /* LaunchScreen.storyboard */,
				791FFE001CDBB35F000097AB /* Info.plist */,
				791FFDEC1CDBB35F000097AB /* Supporting Files */,
			);
			path = TabExercises;
			sourceTree = "<group>";
		};
		791FFDEC1CDBB35F000097AB /* Supporting Files */ = {
			isa = PBXGroup;
			children = (
				791FFDED1CDBB35F000097AB /* main.m */,
			);
			name = "Supporting Files";
			sourceTree = "<group>";
		};
/* End PBXGroup section */

/* Begin PBXNativeTarget section */
		791FFDE81CDBB35F000097AB /* TabExercises */ = {
			isa = PBXNativeTarget;
			buildConfigurationList = 791FFE031CDBB35F000097AB /* Build configuration list for PBXNativeTarget "TabExercises" */;
			buildPhases = (
				791FFDE51CDBB35F000097AB /* Sources */,
				791FFDE61CDBB35F000097AB /* Frameworks */,
				791FFDE71CDBB35F000097AB /* Resources */,
			);
			buildRules = (
			);
			dependencies = (
			);
			name = TabExercises;
			productName = TabExercises;
			productReference = 791FFDE91CDBB35F000097AB /* TabExercises.app */;
			productType = "com.apple.product-type.application";
		};
/* End PBXNativeTarget section */

/* Begin PBXProject section */
		791FFDE11CDBB35F000097AB /* Project object */ = {
			isa = PBXProject;
			attributes = {
				LastUpgradeCheck = 0710;
				ORGANIZATIONNAME = student;
				TargetAttributes = {
					791FFDE81CDBB35F000097AB = {
						CreatedOnToolsVersion = 7.1;
					};
				};
			};
			buildConfigurationList = 791FFDE41CDBB35F000097AB /* Build configuration list for PBXProject "TabExercises" */;
			compatibilityVersion = "Xcode 3.2";
			developmentRegion = English;
			hasScannedForEncodings = 0;
			knownRegions = (
				en,
				Base,
			);
			mainGroup = 791FFDE01CDBB35F000097AB;
			productRefGroup = 791FFDEA1CDBB35F000097AB /* Products */;
			projectDirPath = "";
			projectRoot = "";
			targets = (
				791FFDE81CDBB35F000097AB /* TabExercises */,
			);
		};
/* End PBXProject section */

/* Begin PBXResourcesBuildPhase section */
		791FFDE71CDBB35F000097AB /* Resources */ = {
			isa = PBXResourcesBuildPhase;
			buildActionMask = 2147483647;
			files = (
				791FFDFF1CDBB35F000097AB /* LaunchScreen.storyboard in Resources */,
				791FFDFC1CDBB35F000097AB /* Assets.xcassets in Resources */,
				791FFE251CDC1F98000097AB /* NGVerticalTabBarControllerDemo-Info.plist in Resources */,
			);
			runOnlyForDeploymentPostprocessing = 0;
		};
/* End PBXResourcesBuildPhase section */

/* Begin PBXSourcesBuildPhase section */
		791FFDE51CDBB35F000097AB /* Sources */ = {
			isa = PBXSourcesBuildPhase;
			buildActionMask = 2147483647;
			files = (
				791FFE1B1CDC1EB3000097AB /* UIViewController+NGTabBarItem.m in Sources */,
				791FFE241CDC1F98000097AB /* NGTestTabBarController.m in Sources */,
				791FFE141CDC1E9C000097AB /* NGTabBarController.m in Sources */,
				791FFDF71CDBB35F000097AB /* SecondViewController.m in Sources */,
				791FFE131CDC1E9C000097AB /* NGTabBar.m in Sources */,
				791FFDF11CDBB35F000097AB /* AppDelegate.m in Sources */,
				791FFDF41CDBB35F000097AB /* FirstViewController.m in Sources */,
				791FFE151CDC1E9C000097AB /* NGTabBarItem.m in Sources */,
				791FFDEE1CDBB35F000097AB /* main.m in Sources */,
				791FFE1F1CDC1F8D000097AB /* NGColoredViewController.m in Sources */,
				791FFE1A1CDC1EB3000097AB /* UINavigationController+NGTabBarNavigationDelegate.m in Sources */,
			);
			runOnlyForDeploymentPostprocessing = 0;
		};
/* End PBXSourcesBuildPhase section */

/* Begin PBXVariantGroup section */
		791FFDFD1CDBB35F000097AB /* LaunchScreen.storyboard */ = {
			isa = PBXVariantGroup;
			children = (
				791FFDFE1CDBB35F000097AB /* Base */,
			);
			name = LaunchScreen.storyboard;
			sourceTree = "<group>";
		};
/* End PBXVariantGroup section */

/* Begin XCBuildConfiguration section */
		791FFE011CDBB35F000097AB /* Debug */ = {
			isa = XCBuildConfiguration;
			buildSettings = {
				ALWAYS_SEARCH_USER_PATHS = NO;
				CLANG_CXX_LANGUAGE_STANDARD = "gnu++0x";
				CLANG_CXX_LIBRARY = "libc++";
				CLANG_ENABLE_MODULES = YES;
				CLANG_ENABLE_OBJC_ARC = YES;
				CLANG_WARN_BOOL_CONVERSION = YES;
				CLANG_WARN_CONSTANT_CONVERSION = YES;
				CLANG_WARN_DIRECT_OBJC_ISA_USAGE = YES_ERROR;
				CLANG_WARN_EMPTY_BODY = YES;
				CLANG_WARN_ENUM_CONVERSION = YES;
				CLANG_WARN_INT_CONVERSION = YES;
				CLANG_WARN_OBJC_ROOT_CLASS = YES_ERROR;
				CLANG_WARN_UNREACHABLE_CODE = YES;
				CLANG_WARN__DUPLICATE_METHOD_MATCH = YES;
				"CODE_SIGN_IDENTITY[sdk=iphoneos*]" = "iPhone Developer";
				COPY_PHASE_STRIP = NO;
				DEBUG_INFORMATION_FORMAT = dwarf;
				ENABLE_STRICT_OBJC_MSGSEND = YES;
				ENABLE_TESTABILITY = YES;
				GCC_C_LANGUAGE_STANDARD = gnu99;
				GCC_DYNAMIC_NO_PIC = NO;
				GCC_NO_COMMON_BLOCKS = YES;
				GCC_OPTIMIZATION_LEVEL = 0;
				GCC_PREPROCESSOR_DEFINITIONS = (
					"DEBUG=1",
					"$(inherited)",
				);
				GCC_WARN_64_TO_32_BIT_CONVERSION = YES;
				GCC_WARN_ABOUT_RETURN_TYPE = YES_ERROR;
				GCC_WARN_UNDECLARED_SELECTOR = YES;
				GCC_WARN_UNINITIALIZED_AUTOS = YES_AGGRESSIVE;
				GCC_WARN_UNUSED_FUNCTION = YES;
				GCC_WARN_UNUSED_VARIABLE = YES;
				IPHONEOS_DEPLOYMENT_TARGET = 9.1;
				MTL_ENABLE_DEBUG_INFO = YES;
				ONLY_ACTIVE_ARCH = YES;
				SDKROOT = iphoneos;
				TARGETED_DEVICE_FAMILY = "1,2";
			};
			name = Debug;
		};
		791FFE021CDBB35F000097AB /* Release */ = {
			isa = XCBuildConfiguration;
			buildSettings = {
				ALWAYS_SEARCH_USER_PATHS = NO;
				CLANG_CXX_LANGUAGE_STANDARD = "gnu++0x";
				CLANG_CXX_LIBRARY = "libc++";
				CLANG_ENABLE_MODULES = YES;
				CLANG_ENABLE_OBJC_ARC = YES;
				CLANG_WARN_BOOL_CONVERSION = YES;
				CLANG_WARN_CONSTANT_CONVERSION = YES;
				CLANG_WARN_DIRECT_OBJC_ISA_USAGE = YES_ERROR;
				CLANG_WARN_EMPTY_BODY = YES;
				CLANG_WARN_ENUM_CONVERSION = YES;
				CLANG_WARN_INT_CONVERSION = YES;
				CLANG_WARN_OBJC_ROOT_CLASS = YES_ERROR;
				CLANG_WARN_UNREACHABLE_CODE = YES;
				CLANG_WARN__DUPLICATE_METHOD_MATCH = YES;
				"CODE_SIGN_IDENTITY[sdk=iphoneos*]" = "iPhone Developer";
				COPY_PHASE_STRIP = NO;
				DEBUG_INFORMATION_FORMAT = "dwarf-with-dsym";
				ENABLE_NS_ASSERTIONS = NO;
				ENABLE_STRICT_OBJC_MSGSEND = YES;
				GCC_C_LANGUAGE_STANDARD = gnu99;
				GCC_NO_COMMON_BLOCKS = YES;
				GCC_WARN_64_TO_32_BIT_CONVERSION = YES;
				GCC_WARN_ABOUT_RETURN_TYPE = YES_ERROR;
				GCC_WARN_UNDECLARED_SELECTOR = YES;
				GCC_WARN_UNINITIALIZED_AUTOS = YES_AGGRESSIVE;
				GCC_WARN_UNUSED_FUNCTION = YES;
				GCC_WARN_UNUSED_VARIABLE = YES;
				IPHONEOS_DEPLOYMENT_TARGET = 9.1;
				MTL_ENABLE_DEBUG_INFO = NO;
				SDKROOT = iphoneos;
				TARGETED_DEVICE_FAMILY = "1,2";
				VALIDATE_PRODUCT = YES;
			};
			name = Release;
		};
		791FFE041CDBB35F000097AB /* Debug */ = {
			isa = XCBuildConfiguration;
			buildSettings = {
				ASSETCATALOG_COMPILER_APPICON_NAME = AppIcon;
				INFOPLIST_FILE = TabExercises/Info.plist;
				LD_RUNPATH_SEARCH_PATHS = "$(inherited) @executable_path/Frameworks";
				PRODUCT_BUNDLE_IDENTIFIER = student.TabExercises;
				PRODUCT_NAME = "$(TARGET_NAME)";
			};
			name = Debug;
		};
		791FFE051CDBB35F000097AB /* Release */ = {
			isa = XCBuildConfiguration;
			buildSettings = {
				ASSETCATALOG_COMPILER_APPICON_NAME = AppIcon;
				INFOPLIST_FILE = TabExercises/Info.plist;
				LD_RUNPATH_SEARCH_PATHS = "$(inherited) @executable_path/Frameworks";
				PRODUCT_BUNDLE_IDENTIFIER = student.TabExercises;
				PRODUCT_NAME = "$(TARGET_NAME)";
			};
			name = Release;
		};
/* End XCBuildConfiguration section */

/* Begin XCConfigurationList section */
		791FFDE41CDBB35F000097AB /* Build configuration list for PBXProject "TabExercises" */ = {
			isa = XCConfigurationList;
			buildConfigurations = (
				791FFE011CDBB35F000097AB /* Debug */,
				791FFE021CDBB35F000097AB /* Release */,
			);
			defaultConfigurationIsVisible = 0;
			defaultConfigurationName = Release;
		};
		791FFE031CDBB35F000097AB /* Build configuration list for PBXNativeTarget "TabExercises" */ = {
			isa = XCConfigurationList;
			buildConfigurations = (
				791FFE041CDBB35F000097AB /* Debug */,
				791FFE051CDBB35F000097AB /* Release */,
			);
			defaultConfigurationIsVisible = 0;
			defaultConfigurationName = Release;
		};
/* End XCConfigurationList section */
	};
	rootObject = 791FFDE11CDBB35F000097AB /* Project object */;
}
