// !$*UTF8*$!
{
	archiveVersion = 1;
	classes = {
	};
	objectVersion = 46;
	objects = {

/* Begin PBXBuildFile section */
		793BA29B1CE8C4DF00D53015 /* AppDelegate.swift in Sources */ = {isa = PBXBuildFile; fileRef = 793BA29A1CE8C4DF00D53015 /* AppDelegate.swift */; };
		793BA29D1CE8C4DF00D53015 /* ViewController.swift in Sources */ = {isa = PBXBuildFile; fileRef = 793BA29C1CE8C4DF00D53015 /* ViewController.swift */; };
		793BA2A01CE8C4DF00D53015 /* Main.storyboard in Resources */ = {isa = PBXBuildFile; fileRef = 793BA29E1CE8C4DF00D53015 /* Main.storyboard */; };
		793BA2A31CE8C4DF00D53015 /* ListHit.xcdatamodeld in Sources */ = {isa = PBXBuildFile; fileRef = 793BA2A11CE8C4DF00D53015 /* ListHit.xcdatamodeld */; };
		793BA2A51CE8C4DF00D53015 /* Assets.xcassets in Resources */ = {isa = PBXBuildFile; fileRef = 793BA2A41CE8C4DF00D53015 /* Assets.xcassets */; };
		793BA2A81CE8C4DF00D53015 /* LaunchScreen.storyboard in Resources */ = {isa = PBXBuildFile; fileRef = 793BA2A61CE8C4DF00D53015 /* LaunchScreen.storyboard */; };
		793BA2B31CE8C4DF00D53015 /* ListHitUITests.swift in Sources */ = {isa = PBXBuildFile; fileRef = 793BA2B21CE8C4DF00D53015 /* ListHitUITests.swift */; };
/* End PBXBuildFile section */

/* Begin PBXContainerItemProxy section */
		793BA2AF1CE8C4DF00D53015 /* PBXContainerItemProxy */ = {
			isa = PBXContainerItemProxy;
			containerPortal = 793BA28F1CE8C4DF00D53015 /* Project object */;
			proxyType = 1;
			remoteGlobalIDString = 793BA2961CE8C4DF00D53015;
			remoteInfo = ListHit;
		};
/* End PBXContainerItemProxy section */

/* Begin PBXFileReference section */
		793BA2971CE8C4DF00D53015 /* ListHit.app */ = {isa = PBXFileReference; explicitFileType = wrapper.application; includeInIndex = 0; path = ListHit.app; sourceTree = BUILT_PRODUCTS_DIR; };
		793BA29A1CE8C4DF00D53015 /* AppDelegate.swift */ = {isa = PBXFileReference; lastKnownFileType = sourcecode.swift; path = AppDelegate.swift; sourceTree = "<group>"; };
		793BA29C1CE8C4DF00D53015 /* ViewController.swift */ = {isa = PBXFileReference; lastKnownFileType = sourcecode.swift; path = ViewController.swift; sourceTree = "<group>"; };
		793BA29F1CE8C4DF00D53015 /* Base */ = {isa = PBXFileReference; lastKnownFileType = file.storyboard; name = Base; path = Base.lproj/Main.storyboard; sourceTree = "<group>"; };
		793BA2A21CE8C4DF00D53015 /* ListHit.xcdatamodel */ = {isa = PBXFileReference; lastKnownFileType = wrapper.xcdatamodel; path = ListHit.xcdatamodel; sourceTree = "<group>"; };
		793BA2A41CE8C4DF00D53015 /* Assets.xcassets */ = {isa = PBXFileReference; lastKnownFileType = folder.assetcatalog; path = Assets.xcassets; sourceTree = "<group>"; };
		793BA2A71CE8C4DF00D53015 /* Base */ = {isa = PBXFileReference; lastKnownFileType = file.storyboard; name = Base; path = Base.lproj/LaunchScreen.storyboard; sourceTree = "<group>"; };
		793BA2A91CE8C4DF00D53015 /* Info.plist */ = {isa = PBXFileReference; lastKnownFileType = text.plist.xml; path = Info.plist; sourceTree = "<group>"; };
		793BA2AE1CE8C4DF00D53015 /* ListHitUITests.xctest */ = {isa = PBXFileReference; explicitFileType = wrapper.cfbundle; includeInIndex = 0; path = ListHitUITests.xctest; sourceTree = BUILT_PRODUCTS_DIR; };
		793BA2B21CE8C4DF00D53015 /* ListHitUITests.swift */ = {isa = PBXFileReference; lastKnownFileType = sourcecode.swift; path = ListHitUITests.swift; sourceTree = "<group>"; };
		793BA2B41CE8C4DF00D53015 /* Info.plist */ = {isa = PBXFileReference; lastKnownFileType = text.plist.xml; path = Info.plist; sourceTree = "<group>"; };
/* End PBXFileReference section */

/* Begin PBXFrameworksBuildPhase section */
		793BA2941CE8C4DF00D53015 /* Frameworks */ = {
			isa = PBXFrameworksBuildPhase;
			buildActionMask = 2147483647;
			files = (
			);
			runOnlyForDeploymentPostprocessing = 0;
		};
		793BA2AB1CE8C4DF00D53015 /* Frameworks */ = {
			isa = PBXFrameworksBuildPhase;
			buildActionMask = 2147483647;
			files = (
			);
			runOnlyForDeploymentPostprocessing = 0;
		};
/* End PBXFrameworksBuildPhase section */

/* Begin PBXGroup section */
		793BA28E1CE8C4DF00D53015 = {
			isa = PBXGroup;
			children = (
				793BA2991CE8C4DF00D53015 /* ListHit */,
				793BA2B11CE8C4DF00D53015 /* ListHitUITests */,
				793BA2981CE8C4DF00D53015 /* Products */,
			);
			sourceTree = "<group>";
		};
		793BA2981CE8C4DF00D53015 /* Products */ = {
			isa = PBXGroup;
			children = (
				793BA2971CE8C4DF00D53015 /* ListHit.app */,
				793BA2AE1CE8C4DF00D53015 /* ListHitUITests.xctest */,
			);
			name = Products;
			sourceTree = "<group>";
		};
		793BA2991CE8C4DF00D53015 /* ListHit */ = {
			isa = PBXGroup;
			children = (
				793BA29A1CE8C4DF00D53015 /* AppDelegate.swift */,
				793BA29C1CE8C4DF00D53015 /* ViewController.swift */,
				793BA29E1CE8C4DF00D53015 /* Main.storyboard */,
				793BA2A41CE8C4DF00D53015 /* Assets.xcassets */,
				793BA2A61CE8C4DF00D53015 /* LaunchScreen.storyboard */,
				793BA2A91CE8C4DF00D53015 /* Info.plist */,
				793BA2A11CE8C4DF00D53015 /* ListHit.xcdatamodeld */,
			);
			path = ListHit;
			sourceTree = "<group>";
		};
		793BA2B11CE8C4DF00D53015 /* ListHitUITests */ = {
			isa = PBXGroup;
			children = (
				793BA2B21CE8C4DF00D53015 /* ListHitUITests.swift */,
				793BA2B41CE8C4DF00D53015 /* Info.plist */,
			);
			path = ListHitUITests;
			sourceTree = "<group>";
		};
/* End PBXGroup section */

/* Begin PBXNativeTarget section */
		793BA2961CE8C4DF00D53015 /* ListHit */ = {
			isa = PBXNativeTarget;
			buildConfigurationList = 793BA2B71CE8C4E000D53015 /* Build configuration list for PBXNativeTarget "ListHit" */;
			buildPhases = (
				793BA2931CE8C4DF00D53015 /* Sources */,
				793BA2941CE8C4DF00D53015 /* Frameworks */,
				793BA2951CE8C4DF00D53015 /* Resources */,
			);
			buildRules = (
			);
			dependencies = (
			);
			name = ListHit;
			productName = ListHit;
			productReference = 793BA2971CE8C4DF00D53015 /* ListHit.app */;
			productType = "com.apple.product-type.application";
		};
		793BA2AD1CE8C4DF00D53015 /* ListHitUITests */ = {
			isa = PBXNativeTarget;
			buildConfigurationList = 793BA2BA1CE8C4E000D53015 /* Build configuration list for PBXNativeTarget "ListHitUITests" */;
			buildPhases = (
				793BA2AA1CE8C4DF00D53015 /* Sources */,
				793BA2AB1CE8C4DF00D53015 /* Frameworks */,
				793BA2AC1CE8C4DF00D53015 /* Resources */,
			);
			buildRules = (
			);
			dependencies = (
				793BA2B01CE8C4DF00D53015 /* PBXTargetDependency */,
			);
			name = ListHitUITests;
			productName = ListHitUITests;
			productReference = 793BA2AE1CE8C4DF00D53015 /* ListHitUITests.xctest */;
			productType = "com.apple.product-type.bundle.ui-testing";
		};
/* End PBXNativeTarget section */

/* Begin PBXProject section */
		793BA28F1CE8C4DF00D53015 /* Project object */ = {
			isa = PBXProject;
			attributes = {
				LastSwiftUpdateCheck = 0710;
				LastUpgradeCheck = 0710;
				ORGANIZATIONNAME = au.edu.rmit.student.s3514643;
				TargetAttributes = {
					793BA2961CE8C4DF00D53015 = {
						CreatedOnToolsVersion = 7.1;
					};
					793BA2AD1CE8C4DF00D53015 = {
						CreatedOnToolsVersion = 7.1;
						TestTargetID = 793BA2961CE8C4DF00D53015;
					};
				};
			};
			buildConfigurationList = 793BA2921CE8C4DF00D53015 /* Build configuration list for PBXProject "ListHit" */;
			compatibilityVersion = "Xcode 3.2";
			developmentRegion = English;
			hasScannedForEncodings = 0;
			knownRegions = (
				en,
				Base,
			);
			mainGroup = 793BA28E1CE8C4DF00D53015;
			productRefGroup = 793BA2981CE8C4DF00D53015 /* Products */;
			projectDirPath = "";
			projectRoot = "";
			targets = (
				793BA2961CE8C4DF00D53015 /* ListHit */,
				793BA2AD1CE8C4DF00D53015 /* ListHitUITests */,
			);
		};
/* End PBXProject section */

/* Begin PBXResourcesBuildPhase section */
		793BA2951CE8C4DF00D53015 /* Resources */ = {
			isa = PBXResourcesBuildPhase;
			buildActionMask = 2147483647;
			files = (
				793BA2A81CE8C4DF00D53015 /* LaunchScreen.storyboard in Resources */,
				793BA2A51CE8C4DF00D53015 /* Assets.xcassets in Resources */,
				793BA2A01CE8C4DF00D53015 /* Main.storyboard in Resources */,
			);
			runOnlyForDeploymentPostprocessing = 0;
		};
		793BA2AC1CE8C4DF00D53015 /* Resources */ = {
			isa = PBXResourcesBuildPhase;
			buildActionMask = 2147483647;
			files = (
			);
			runOnlyForDeploymentPostprocessing = 0;
		};
/* End PBXResourcesBuildPhase section */

/* Begin PBXSourcesBuildPhase section */
		793BA2931CE8C4DF00D53015 /* Sources */ = {
			isa = PBXSourcesBuildPhase;
			buildActionMask = 2147483647;
			files = (
				793BA2A31CE8C4DF00D53015 /* ListHit.xcdatamodeld in Sources */,
				793BA29D1CE8C4DF00D53015 /* ViewController.swift in Sources */,
				793BA29B1CE8C4DF00D53015 /* AppDelegate.swift in Sources */,
			);
			runOnlyForDeploymentPostprocessing = 0;
		};
		793BA2AA1CE8C4DF00D53015 /* Sources */ = {
			isa = PBXSourcesBuildPhase;
			buildActionMask = 2147483647;
			files = (
				793BA2B31CE8C4DF00D53015 /* ListHitUITests.swift in Sources */,
			);
			runOnlyForDeploymentPostprocessing = 0;
		};
/* End PBXSourcesBuildPhase section */

/* Begin PBXTargetDependency section */
		793BA2B01CE8C4DF00D53015 /* PBXTargetDependency */ = {
			isa = PBXTargetDependency;
			target = 793BA2961CE8C4DF00D53015 /* ListHit */;
			targetProxy = 793BA2AF1CE8C4DF00D53015 /* PBXContainerItemProxy */;
		};
/* End PBXTargetDependency section */

/* Begin PBXVariantGroup section */
		793BA29E1CE8C4DF00D53015 /* Main.storyboard */ = {
			isa = PBXVariantGroup;
			children = (
				793BA29F1CE8C4DF00D53015 /* Base */,
			);
			name = Main.storyboard;
			sourceTree = "<group>";
		};
		793BA2A61CE8C4DF00D53015 /* LaunchScreen.storyboard */ = {
			isa = PBXVariantGroup;
			children = (
				793BA2A71CE8C4DF00D53015 /* Base */,
			);
			name = LaunchScreen.storyboard;
			sourceTree = "<group>";
		};
/* End PBXVariantGroup section */

/* Begin XCBuildConfiguration section */
		793BA2B51CE8C4DF00D53015 /* Debug */ = {
			isa = XCBuildConfiguration;
			buildSettings = {
				ALWAYS_SEARCH_USER_PATHS = NO;
				CLANG_CXX_LANGUAGE_STANDARD = "gnu++0x";
				CLANG_CXX_LIBRARY = "libc++";
				CLANG_ENABLE_MODULES = YES;
				CLANG_ENABLE_OBJC_ARC = YES;
				CLANG_WARN_BOOL_CONVERSION = YES;
				CLANG_WARN_CONSTANT_CONVERSION = YES;
				CLANG_WARN_DIRECT_OBJC_ISA_USAGE = YES_ERROR;
				CLANG_WARN_EMPTY_BODY = YES;
				CLANG_WARN_ENUM_CONVERSION = YES;
				CLANG_WARN_INT_CONVERSION = YES;
				CLANG_WARN_OBJC_ROOT_CLASS = YES_ERROR;
				CLANG_WARN_UNREACHABLE_CODE = YES;
				CLANG_WARN__DUPLICATE_METHOD_MATCH = YES;
				"CODE_SIGN_IDENTITY[sdk=iphoneos*]" = "iPhone Developer";
				COPY_PHASE_STRIP = NO;
				DEBUG_INFORMATION_FORMAT = dwarf;
				ENABLE_STRICT_OBJC_MSGSEND = YES;
				ENABLE_TESTABILITY = YES;
				GCC_C_LANGUAGE_STANDARD = gnu99;
				GCC_DYNAMIC_NO_PIC = NO;
				GCC_NO_COMMON_BLOCKS = YES;
				GCC_OPTIMIZATION_LEVEL = 0;
				GCC_PREPROCESSOR_DEFINITIONS = (
					"DEBUG=1",
					"$(inherited)",
				);
				GCC_WARN_64_TO_32_BIT_CONVERSION = YES;
				GCC_WARN_ABOUT_RETURN_TYPE = YES_ERROR;
				GCC_WARN_UNDECLARED_SELECTOR = YES;
				GCC_WARN_UNINITIALIZED_AUTOS = YES_AGGRESSIVE;
				GCC_WARN_UNUSED_FUNCTION = YES;
				GCC_WARN_UNUSED_VARIABLE = YES;
				IPHONEOS_DEPLOYMENT_TARGET = 9.1;
				MTL_ENABLE_DEBUG_INFO = YES;
				ONLY_ACTIVE_ARCH = YES;
				SDKROOT = iphoneos;
				SWIFT_OPTIMIZATION_LEVEL = "-Onone";
				TARGETED_DEVICE_FAMILY = "1,2";
			};
			name = Debug;
		};
		793BA2B61CE8C4DF00D53015 /* Release */ = {
			isa = XCBuildConfiguration;
			buildSettings = {
				ALWAYS_SEARCH_USER_PATHS = NO;
				CLANG_CXX_LANGUAGE_STANDARD = "gnu++0x";
				CLANG_CXX_LIBRARY = "libc++";
				CLANG_ENABLE_MODULES = YES;
				CLANG_ENABLE_OBJC_ARC = YES;
				CLANG_WARN_BOOL_CONVERSION = YES;
				CLANG_WARN_CONSTANT_CONVERSION = YES;
				CLANG_WARN_DIRECT_OBJC_ISA_USAGE = YES_ERROR;
				CLANG_WARN_EMPTY_BODY = YES;
				CLANG_WARN_ENUM_CONVERSION = YES;
				CLANG_WARN_INT_CONVERSION = YES;
				CLANG_WARN_OBJC_ROOT_CLASS = YES_ERROR;
				CLANG_WARN_UNREACHABLE_CODE = YES;
				CLANG_WARN__DUPLICATE_METHOD_MATCH = YES;
				"CODE_SIGN_IDENTITY[sdk=iphoneos*]" = "iPhone Developer";
				COPY_PHASE_STRIP = NO;
				DEBUG_INFORMATION_FORMAT = "dwarf-with-dsym";
				ENABLE_NS_ASSERTIONS = NO;
				ENABLE_STRICT_OBJC_MSGSEND = YES;
				GCC_C_LANGUAGE_STANDARD = gnu99;
				GCC_NO_COMMON_BLOCKS = YES;
				GCC_WARN_64_TO_32_BIT_CONVERSION = YES;
				GCC_WARN_ABOUT_RETURN_TYPE = YES_ERROR;
				GCC_WARN_UNDECLARED_SELECTOR = YES;
				GCC_WARN_UNINITIALIZED_AUTOS = YES_AGGRESSIVE;
				GCC_WARN_UNUSED_FUNCTION = YES;
				GCC_WARN_UNUSED_VARIABLE = YES;
				IPHONEOS_DEPLOYMENT_TARGET = 9.1;
				MTL_ENABLE_DEBUG_INFO = NO;
				SDKROOT = iphoneos;
				TARGETED_DEVICE_FAMILY = "1,2";
				VALIDATE_PRODUCT = YES;
			};
			name = Release;
		};
		793BA2B81CE8C4E000D53015 /* Debug */ = {
			isa = XCBuildConfiguration;
			buildSettings = {
				ASSETCATALOG_COMPILER_APPICON_NAME = AppIcon;
				INFOPLIST_FILE = ListHit/Info.plist;
				LD_RUNPATH_SEARCH_PATHS = "$(inherited) @executable_path/Frameworks";
				PRODUCT_BUNDLE_IDENTIFIER = au.edu.rmit.student.s3514643.ListHit;
				PRODUCT_NAME = "$(TARGET_NAME)";
			};
			name = Debug;
		};
		793BA2B91CE8C4E000D53015 /* Release */ = {
			isa = XCBuildConfiguration;
			buildSettings = {
				ASSETCATALOG_COMPILER_APPICON_NAME = AppIcon;
				INFOPLIST_FILE = ListHit/Info.plist;
				LD_RUNPATH_SEARCH_PATHS = "$(inherited) @executable_path/Frameworks";
				PRODUCT_BUNDLE_IDENTIFIER = au.edu.rmit.student.s3514643.ListHit;
				PRODUCT_NAME = "$(TARGET_NAME)";
			};
			name = Release;
		};
		793BA2BB1CE8C4E000D53015 /* Debug */ = {
			isa = XCBuildConfiguration;
			buildSettings = {
				INFOPLIST_FILE = ListHitUITests/Info.plist;
				LD_RUNPATH_SEARCH_PATHS = "$(inherited) @executable_path/Frameworks @loader_path/Frameworks";
				PRODUCT_BUNDLE_IDENTIFIER = au.edu.rmit.student.s3514643.ListHitUITests;
				PRODUCT_NAME = "$(TARGET_NAME)";
				TEST_TARGET_NAME = ListHit;
				USES_XCTRUNNER = YES;
			};
			name = Debug;
		};
		793BA2BC1CE8C4E000D53015 /* Release */ = {
			isa = XCBuildConfiguration;
			buildSettings = {
				INFOPLIST_FILE = ListHitUITests/Info.plist;
				LD_RUNPATH_SEARCH_PATHS = "$(inherited) @executable_path/Frameworks @loader_path/Frameworks";
				PRODUCT_BUNDLE_IDENTIFIER = au.edu.rmit.student.s3514643.ListHitUITests;
				PRODUCT_NAME = "$(TARGET_NAME)";
				TEST_TARGET_NAME = ListHit;
				USES_XCTRUNNER = YES;
			};
			name = Release;
		};
/* End XCBuildConfiguration section */

/* Begin XCConfigurationList section */
		793BA2921CE8C4DF00D53015 /* Build configuration list for PBXProject "ListHit" */ = {
			isa = XCConfigurationList;
			buildConfigurations = (
				793BA2B51CE8C4DF00D53015 /* Debug */,
				793BA2B61CE8C4DF00D53015 /* Release */,
			);
			defaultConfigurationIsVisible = 0;
			defaultConfigurationName = Release;
		};
		793BA2B71CE8C4E000D53015 /* Build configuration list for PBXNativeTarget "ListHit" */ = {
			isa = XCConfigurationList;
			buildConfigurations = (
				793BA2B81CE8C4E000D53015 /* Debug */,
				793BA2B91CE8C4E000D53015 /* Release */,
			);
			defaultConfigurationIsVisible = 0;
		};
		793BA2BA1CE8C4E000D53015 /* Build configuration list for PBXNativeTarget "ListHitUITests" */ = {
			isa = XCConfigurationList;
			buildConfigurations = (
				793BA2BB1CE8C4E000D53015 /* Debug */,
				793BA2BC1CE8C4E000D53015 /* Release */,
			);
			defaultConfigurationIsVisible = 0;
		};
/* End XCConfigurationList section */

/* Begin XCVersionGroup section */
		793BA2A11CE8C4DF00D53015 /* ListHit.xcdatamodeld */ = {
			isa = XCVersionGroup;
			children = (
				793BA2A21CE8C4DF00D53015 /* ListHit.xcdatamodel */,
			);
			currentVersion = 793BA2A21CE8C4DF00D53015 /* ListHit.xcdatamodel */;
			path = ListHit.xcdatamodeld;
			sourceTree = "<group>";
			versionGroupType = wrapper.xcdatamodel;
		};
/* End XCVersionGroup section */
	};
	rootObject = 793BA28F1CE8C4DF00D53015 /* Project object */;
}
